
Microsoft Visual Studio Solution File, Format Version 12.00
Project("{FAE04EC0-301F-11D3-BF4B-00C04F79EFBC}") = "ConsoleApp", "ConsoleApp\ConsoleApp.csproj", "{834631D4-4C9A-4191-B3C9-E3017BAEA63E}"
EndProject
Project("{2150E333-8FDC-42A3-9474-1A3956D46DE8}") = "!Solutions Files", "!Solutions Files", "{E6A94EDA-B224-47CA-B9D6-425B34A94CFA}"
	ProjectSection(SolutionItems) = preProject
		README.md = README.md
		.gitignore = ../.gitignore
		Directory.Build.props = Directory.Build.props
	EndProjectSection
EndProject
Project("{FAE04EC0-301F-11D3-BF4B-00C04F79EFBC}") = "MenuSystem", "MenuSystem\MenuSystem.csproj", "{D5EA5B94-D8D2-4DCD-9681-DE9E879910E3}"
EndProject
Project("{FAE04EC0-301F-11D3-BF4B-00C04F79EFBC}") = "DAL", "DAL\DAL.csproj", "{47C8BC1A-765D-4B5D-8598-0DBDCC451056}"
EndProject
Project("{FAE04EC0-301F-11D3-BF4B-00C04F79EFBC}") = "Domain", "Domain\Domain.csproj", "{B99AECB2-EA98-49ED-9EC6-ABC0874E8357}"
EndProject
Project("{FAE04EC0-301F-11D3-BF4B-00C04F79EFBC}") = "Engine", "Engine\Engine.csproj", "{1080F33D-CC29-4DE8-BC39-742BC88D0F5E}"
EndProject
Project("{FAE04EC0-301F-11D3-BF4B-00C04F79EFBC}") = "UIConsole", "UIConsole\UIConsole.csproj", "{25C33F9A-CC32-4632-89B0-07D6FB7E0FE0}"
EndProject
Project("{FAE04EC0-301F-11D3-BF4B-00C04F79EFBC}") = "Helpers", "Helpers\Helpers.csproj", "{D6584B52-DBEE-4D21-BAA1-E20CF30D10DB}"
EndProject
Project("{FAE04EC0-301F-11D3-BF4B-00C04F79EFBC}") = "WApp", "WApp\WApp.csproj", "{EB955309-C5D6-437E-B2F4-E41EF0599E99}"
EndProject
Global
	GlobalSection(SolutionConfigurationPlatforms) = preSolution
		Debug|Any CPU = Debug|Any CPU
		Release|Any CPU = Release|Any CPU
	EndGlobalSection
	GlobalSection(ProjectConfigurationPlatforms) = postSolution
		{834631D4-4C9A-4191-B3C9-E3017BAEA63E}.Debug|Any CPU.ActiveCfg = Debug|Any CPU
		{834631D4-4C9A-4191-B3C9-E3017BAEA63E}.Debug|Any CPU.Build.0 = Debug|Any CPU
		{834631D4-4C9A-4191-B3C9-E3017BAEA63E}.Release|Any CPU.ActiveCfg = Release|Any CPU
		{834631D4-4C9A-4191-B3C9-E3017BAEA63E}.Release|Any CPU.Build.0 = Release|Any CPU
		{D5EA5B94-D8D2-4DCD-9681-DE9E879910E3}.Debug|Any CPU.ActiveCfg = Debug|Any CPU
		{D5EA5B94-D8D2-4DCD-9681-DE9E879910E3}.Debug|Any CPU.Build.0 = Debug|Any CPU
		{D5EA5B94-D8D2-4DCD-9681-DE9E879910E3}.Release|Any CPU.ActiveCfg = Release|Any CPU
		{D5EA5B94-D8D2-4DCD-9681-DE9E879910E3}.Release|Any CPU.Build.0 = Release|Any CPU
		{47C8BC1A-765D-4B5D-8598-0DBDCC451056}.Debug|Any CPU.ActiveCfg = Debug|Any CPU
		{47C8BC1A-765D-4B5D-8598-0DBDCC451056}.Debug|Any CPU.Build.0 = Debug|Any CPU
		{47C8BC1A-765D-4B5D-8598-0DBDCC451056}.Release|Any CPU.ActiveCfg = Release|Any CPU
		{47C8BC1A-765D-4B5D-8598-0DBDCC451056}.Release|Any CPU.Build.0 = Release|Any CPU
		{B99AECB2-EA98-49ED-9EC6-ABC0874E8357}.Debug|Any CPU.ActiveCfg = Debug|Any CPU
		{B99AECB2-EA98-49ED-9EC6-ABC0874E8357}.Debug|Any CPU.Build.0 = Debug|Any CPU
		{B99AECB2-EA98-49ED-9EC6-ABC0874E8357}.Release|Any CPU.ActiveCfg = Release|Any CPU
		{B99AECB2-EA98-49ED-9EC6-ABC0874E8357}.Release|Any CPU.Build.0 = Release|Any CPU
		{1080F33D-CC29-4DE8-BC39-742BC88D0F5E}.Debug|Any CPU.ActiveCfg = Debug|Any CPU
		{1080F33D-CC29-4DE8-BC39-742BC88D0F5E}.Debug|Any CPU.Build.0 = Debug|Any CPU
		{1080F33D-CC29-4DE8-BC39-742BC88D0F5E}.Release|Any CPU.ActiveCfg = Release|Any CPU
		{1080F33D-CC29-4DE8-BC39-742BC88D0F5E}.Release|Any CPU.Build.0 = Release|Any CPU
		{25C33F9A-CC32-4632-89B0-07D6FB7E0FE0}.Debug|Any CPU.ActiveCfg = Debug|Any CPU
		{25C33F9A-CC32-4632-89B0-07D6FB7E0FE0}.Debug|Any CPU.Build.0 = Debug|Any CPU
		{25C33F9A-CC32-4632-89B0-07D6FB7E0FE0}.Release|Any CPU.ActiveCfg = Release|Any CPU
		{25C33F9A-CC32-4632-89B0-07D6FB7E0FE0}.Release|Any CPU.Build.0 = Release|Any CPU
		{D6584B52-DBEE-4D21-BAA1-E20CF30D10DB}.Debug|Any CPU.ActiveCfg = Debug|Any CPU
		{D6584B52-DBEE-4D21-BAA1-E20CF30D10DB}.Debug|Any CPU.Build.0 = Debug|Any CPU
		{D6584B52-DBEE-4D21-BAA1-E20CF30D10DB}.Release|Any CPU.ActiveCfg = Release|Any CPU
		{D6584B52-DBEE-4D21-BAA1-E20CF30D10DB}.Release|Any CPU.Build.0 = Release|Any CPU
		{EB955309-C5D6-437E-B2F4-E41EF0599E99}.Debug|Any CPU.ActiveCfg = Debug|Any CPU
		{EB955309-C5D6-437E-B2F4-E41EF0599E99}.Debug|Any CPU.Build.0 = Debug|Any CPU
		{EB955309-C5D6-437E-B2F4-E41EF0599E99}.Release|Any CPU.ActiveCfg = Release|Any CPU
		{EB955309-C5D6-437E-B2F4-E41EF0599E99}.Release|Any CPU.Build.0 = Release|Any CPU
	EndGlobalSection
EndGlobal
